// !$*UTF8*$!
{
	archiveVersion = 1;
	classes = {
	};
	objectVersion = 50;
	objects = {

/* Begin PBXBuildFile section */
		840F35452F525869CD0466D7 /* libPods-iOS-Offline-Demo.a in Frameworks */ = {isa = PBXBuildFile; fileRef = 72B8F6859101D1A31C45D3C8 /* libPods-iOS-Offline-Demo.a */; };
		A99483C121278348009CE4B5 /* AppDelegate.m in Sources */ = {isa = PBXBuildFile; fileRef = A99483C021278348009CE4B5 /* AppDelegate.m */; };
		A99483C421278348009CE4B5 /* ViewController.m in Sources */ = {isa = PBXBuildFile; fileRef = A99483C321278348009CE4B5 /* ViewController.m */; };
		A99483C721278348009CE4B5 /* Main.storyboard in Resources */ = {isa = PBXBuildFile; fileRef = A99483C521278348009CE4B5 /* Main.storyboard */; };
		A99483C92127834A009CE4B5 /* Assets.xcassets in Resources */ = {isa = PBXBuildFile; fileRef = A99483C82127834A009CE4B5 /* Assets.xcassets */; };
		A99483CC2127834A009CE4B5 /* LaunchScreen.storyboard in Resources */ = {isa = PBXBuildFile; fileRef = A99483CA2127834A009CE4B5 /* LaunchScreen.storyboard */; };
		A99483CF2127834A009CE4B5 /* main.m in Sources */ = {isa = PBXBuildFile; fileRef = A99483CE2127834A009CE4B5 /* main.m */; };
/* End PBXBuildFile section */

/* Begin PBXFileReference section */
		03FEF4871518172B15DEE27F /* Pods-iOS-Offline-Demo.debug.xcconfig */ = {isa = PBXFileReference; includeInIndex = 1; lastKnownFileType = text.xcconfig; name = "Pods-iOS-Offline-Demo.debug.xcconfig"; path = "Pods/Target Support Files/Pods-iOS-Offline-Demo/Pods-iOS-Offline-Demo.debug.xcconfig"; sourceTree = "<group>"; };
		6EC9CDD300D2FAE0968981F2 /* Pods-iOS-Offline-Demo.release.xcconfig */ = {isa = PBXFileReference; includeInIndex = 1; lastKnownFileType = text.xcconfig; name = "Pods-iOS-Offline-Demo.release.xcconfig"; path = "Pods/Target Support Files/Pods-iOS-Offline-Demo/Pods-iOS-Offline-Demo.release.xcconfig"; sourceTree = "<group>"; };
		72B8F6859101D1A31C45D3C8 /* libPods-iOS-Offline-Demo.a */ = {isa = PBXFileReference; explicitFileType = archive.ar; includeInIndex = 0; path = "libPods-iOS-Offline-Demo.a"; sourceTree = BUILT_PRODUCTS_DIR; };
		A99483BC21278348009CE4B5 /* iOS-Offline-Demo.app */ = {isa = PBXFileReference; explicitFileType = wrapper.application; includeInIndex = 0; path = "iOS-Offline-Demo.app"; sourceTree = BUILT_PRODUCTS_DIR; };
		A99483BF21278348009CE4B5 /* AppDelegate.h */ = {isa = PBXFileReference; lastKnownFileType = sourcecode.c.h; path = AppDelegate.h; sourceTree = "<group>"; };
		A99483C021278348009CE4B5 /* AppDelegate.m */ = {isa = PBXFileReference; lastKnownFileType = sourcecode.c.objc; path = AppDelegate.m; sourceTree = "<group>"; };
		A99483C221278348009CE4B5 /* ViewController.h */ = {isa = PBXFileReference; lastKnownFileType = sourcecode.c.h; path = ViewController.h; sourceTree = "<group>"; };
		A99483C321278348009CE4B5 /* ViewController.m */ = {isa = PBXFileReference; lastKnownFileType = sourcecode.c.objc; path = ViewController.m; sourceTree = "<group>"; };
		A99483C621278348009CE4B5 /* Base */ = {isa = PBXFileReference; lastKnownFileType = file.storyboard; name = Base; path = Base.lproj/Main.storyboard; sourceTree = "<group>"; };
		A99483C82127834A009CE4B5 /* Assets.xcassets */ = {isa = PBXFileReference; lastKnownFileType = folder.assetcatalog; path = Assets.xcassets; sourceTree = "<group>"; };
		A99483CB2127834A009CE4B5 /* Base */ = {isa = PBXFileReference; lastKnownFileType = file.storyboard; name = Base; path = Base.lproj/LaunchScreen.storyboard; sourceTree = "<group>"; };
		A99483CD2127834A009CE4B5 /* Info.plist */ = {isa = PBXFileReference; lastKnownFileType = text.plist.xml; path = Info.plist; sourceTree = "<group>"; };
		A99483CE2127834A009CE4B5 /* main.m */ = {isa = PBXFileReference; lastKnownFileType = sourcecode.c.objc; path = main.m; sourceTree = "<group>"; };
/* End PBXFileReference section */

/* Begin PBXFrameworksBuildPhase section */
		A99483B921278348009CE4B5 /* Frameworks */ = {
			isa = PBXFrameworksBuildPhase;
			buildActionMask = 2147483647;
			files = (
				840F35452F525869CD0466D7 /* libPods-iOS-Offline-Demo.a in Frameworks */,
			);
			runOnlyForDeploymentPostprocessing = 0;
		};
/* End PBXFrameworksBuildPhase section */

/* Begin PBXGroup section */
		0D6AAAD2159346055A45117D /* Frameworks */ = {
			isa = PBXGroup;
			children = (
				72B8F6859101D1A31C45D3C8 /* libPods-iOS-Offline-Demo.a */,
			);
			name = Frameworks;
			sourceTree = "<group>";
		};
		3EB56F662E2FDD8ECCB7C521 /* Pods */ = {
			isa = PBXGroup;
			children = (
				03FEF4871518172B15DEE27F /* Pods-iOS-Offline-Demo.debug.xcconfig */,
				6EC9CDD300D2FAE0968981F2 /* Pods-iOS-Offline-Demo.release.xcconfig */,
			);
			name = Pods;
			sourceTree = "<group>";
		};
		A99483B321278348009CE4B5 = {
			isa = PBXGroup;
			children = (
				A99483BE21278348009CE4B5 /* iOS-Offline-Demo */,
				A99483BD21278348009CE4B5 /* Products */,
				3EB56F662E2FDD8ECCB7C521 /* Pods */,
				0D6AAAD2159346055A45117D /* Frameworks */,
			);
			sourceTree = "<group>";
		};
		A99483BD21278348009CE4B5 /* Products */ = {
			isa = PBXGroup;
			children = (
				A99483BC21278348009CE4B5 /* iOS-Offline-Demo.app */,
			);
			name = Products;
			sourceTree = "<group>";
		};
		A99483BE21278348009CE4B5 /* iOS-Offline-Demo */ = {
			isa = PBXGroup;
			children = (
				A99483BF21278348009CE4B5 /* AppDelegate.h */,
				A99483C021278348009CE4B5 /* AppDelegate.m */,
				A99483C221278348009CE4B5 /* ViewController.h */,
				A99483C321278348009CE4B5 /* ViewController.m */,
				A99483C521278348009CE4B5 /* Main.storyboard */,
				A99483C82127834A009CE4B5 /* Assets.xcassets */,
				A99483CA2127834A009CE4B5 /* LaunchScreen.storyboard */,
				A99483CD2127834A009CE4B5 /* Info.plist */,
				A99483CE2127834A009CE4B5 /* main.m */,
			);
			path = "iOS-Offline-Demo";
			sourceTree = "<group>";
		};
/* End PBXGroup section */

/* Begin PBXNativeTarget section */
		A99483BB21278348009CE4B5 /* iOS-Offline-Demo */ = {
			isa = PBXNativeTarget;
			buildConfigurationList = A99483D22127834A009CE4B5 /* Build configuration list for PBXNativeTarget "iOS-Offline-Demo" */;
			buildPhases = (
				77C2E4D3FD7DA2869FEC90FB /* [CP] Check Pods Manifest.lock */,
				A99483B821278348009CE4B5 /* Sources */,
				A99483B921278348009CE4B5 /* Frameworks */,
				A99483BA21278348009CE4B5 /* Resources */,
			);
			buildRules = (
			);
			dependencies = (
			);
			name = "iOS-Offline-Demo";
			productName = "iOS-Offline-Demo";
			productReference = A99483BC21278348009CE4B5 /* iOS-Offline-Demo.app */;
			productType = "com.apple.product-type.application";
		};
/* End PBXNativeTarget section */

/* Begin PBXProject section */
		A99483B421278348009CE4B5 /* Project object */ = {
			isa = PBXProject;
			attributes = {
				LastUpgradeCheck = 0940;
				ORGANIZATIONNAME = "Feed Media";
				TargetAttributes = {
					A99483BB21278348009CE4B5 = {
						CreatedOnToolsVersion = 9.4.1;
					};
				};
			};
			buildConfigurationList = A99483B721278348009CE4B5 /* Build configuration list for PBXProject "iOS-Offline-Demo" */;
			compatibilityVersion = "Xcode 9.3";
			developmentRegion = en;
			hasScannedForEncodings = 0;
			knownRegions = (
				en,
				Base,
			);
			mainGroup = A99483B321278348009CE4B5;
			productRefGroup = A99483BD21278348009CE4B5 /* Products */;
			projectDirPath = "";
			projectRoot = "";
			targets = (
				A99483BB21278348009CE4B5 /* iOS-Offline-Demo */,
			);
		};
/* End PBXProject section */

/* Begin PBXResourcesBuildPhase section */
		A99483BA21278348009CE4B5 /* Resources */ = {
			isa = PBXResourcesBuildPhase;
			buildActionMask = 2147483647;
			files = (
				A99483CC2127834A009CE4B5 /* LaunchScreen.storyboard in Resources */,
				A99483C92127834A009CE4B5 /* Assets.xcassets in Resources */,
				A99483C721278348009CE4B5 /* Main.storyboard in Resources */,
			);
			runOnlyForDeploymentPostprocessing = 0;
		};
/* End PBXResourcesBuildPhase section */

/* Begin PBXShellScriptBuildPhase section */
		77C2E4D3FD7DA2869FEC90FB /* [CP] Check Pods Manifest.lock */ = {
			isa = PBXShellScriptBuildPhase;
			buildActionMask = 2147483647;
			files = (
			);
			inputFileListPaths = (
			);
			inputPaths = (
				"${PODS_PODFILE_DIR_PATH}/Podfile.lock",
				"${PODS_ROOT}/Manifest.lock",
			);
			name = "[CP] Check Pods Manifest.lock";
			outputFileListPaths = (
			);
			outputPaths = (
				"$(DERIVED_FILE_DIR)/Pods-iOS-Offline-Demo-checkManifestLockResult.txt",
			);
			runOnlyForDeploymentPostprocessing = 0;
			shellPath = /bin/sh;
			shellScript = "diff \"${PODS_PODFILE_DIR_PATH}/Podfile.lock\" \"${PODS_ROOT}/Manifest.lock\" > /dev/null\nif [ $? != 0 ] ; then\n    # print error to STDERR\n    echo \"error: The sandbox is not in sync with the Podfile.lock. Run 'pod install' or update your CocoaPods installation.\" >&2\n    exit 1\nfi\n# This output is used by Xcode 'outputs' to avoid re-running this script phase.\necho \"SUCCESS\" > \"${SCRIPT_OUTPUT_FILE_0}\"\n";
			showEnvVarsInLog = 0;
		};
/* End PBXShellScriptBuildPhase section */

/* Begin PBXSourcesBuildPhase section */
		A99483B821278348009CE4B5 /* Sources */ = {
			isa = PBXSourcesBuildPhase;
			buildActionMask = 2147483647;
			files = (
				A99483C421278348009CE4B5 /* ViewController.m in Sources */,
				A99483CF2127834A009CE4B5 /* main.m in Sources */,
				A99483C121278348009CE4B5 /* AppDelegate.m in Sources */,
			);
			runOnlyForDeploymentPostprocessing = 0;
		};
/* End PBXSourcesBuildPhase section */

/* Begin PBXVariantGroup section */
		A99483C521278348009CE4B5 /* Main.storyboard */ = {
			isa = PBXVariantGroup;
			children = (
				A99483C621278348009CE4B5 /* Base */,
			);
			name = Main.storyboard;
			sourceTree = "<group>";
		};
		A99483CA2127834A009CE4B5 /* LaunchScreen.storyboard */ = {
			isa = PBXVariantGroup;
			children = (
				A99483CB2127834A009CE4B5 /* Base */,
			);
			name = LaunchScreen.storyboard;
			sourceTree = "<group>";
		};
/* End PBXVariantGroup section */

/* Begin XCBuildConfiguration section */
		A99483D02127834A009CE4B5 /* Debug */ = {
			isa = XCBuildConfiguration;
			buildSettings = {
				ALWAYS_SEARCH_USER_PATHS = NO;
				CLANG_ANALYZER_NONNULL = YES;
				CLANG_ANALYZER_NUMBER_OBJECT_CONVERSION = YES_AGGRESSIVE;
				CLANG_CXX_LANGUAGE_STANDARD = "gnu++14";
				CLANG_CXX_LIBRARY = "libc++";
				CLANG_ENABLE_MODULES = YES;
				CLANG_ENABLE_OBJC_ARC = YES;
				CLANG_ENABLE_OBJC_WEAK = YES;
				CLANG_WARN_BLOCK_CAPTURE_AUTORELEASING = YES;
				CLANG_WARN_BOOL_CONVERSION = YES;
				CLANG_WARN_COMMA = YES;
				CLANG_WARN_CONSTANT_CONVERSION = YES;
				CLANG_WARN_DEPRECATED_OBJC_IMPLEMENTATIONS = YES;
				CLANG_WARN_DIRECT_OBJC_ISA_USAGE = YES_ERROR;
				CLANG_WARN_DOCUMENTATION_COMMENTS = YES;
				CLANG_WARN_EMPTY_BODY = YES;
				CLANG_WARN_ENUM_CONVERSION = YES;
				CLANG_WARN_INFINITE_RECURSION = YES;
				CLANG_WARN_INT_CONVERSION = YES;
				CLANG_WARN_NON_LITERAL_NULL_CONVERSION = YES;
				CLANG_WARN_OBJC_IMPLICIT_RETAIN_SELF = YES;
				CLANG_WARN_OBJC_LITERAL_CONVERSION = YES;
				CLANG_WARN_OBJC_ROOT_CLASS = YES_ERROR;
				CLANG_WARN_RANGE_LOOP_ANALYSIS = YES;
				CLANG_WARN_STRICT_PROTOTYPES = YES;
				CLANG_WARN_SUSPICIOUS_MOVE = YES;
				CLANG_WARN_UNGUARDED_AVAILABILITY = YES_AGGRESSIVE;
				CLANG_WARN_UNREACHABLE_CODE = YES;
				CLANG_WARN__DUPLICATE_METHOD_MATCH = YES;
				CODE_SIGN_IDENTITY = "iPhone Developer";
				COPY_PHASE_STRIP = NO;
				DEBUG_INFORMATION_FORMAT = dwarf;
				ENABLE_STRICT_OBJC_MSGSEND = YES;
				ENABLE_TESTABILITY = YES;
				GCC_C_LANGUAGE_STANDARD = gnu11;
				GCC_DYNAMIC_NO_PIC = NO;
				GCC_NO_COMMON_BLOCKS = YES;
				GCC_OPTIMIZATION_LEVEL = 0;
				GCC_PREPROCESSOR_DEFINITIONS = (
					"DEBUG=1",
					"$(inherited)",
				);
				GCC_WARN_64_TO_32_BIT_CONVERSION = YES;
				GCC_WARN_ABOUT_RETURN_TYPE = YES_ERROR;
				GCC_WARN_UNDECLARED_SELECTOR = YES;
				GCC_WARN_UNINITIALIZED_AUTOS = YES_AGGRESSIVE;
				GCC_WARN_UNUSED_FUNCTION = YES;
				GCC_WARN_UNUSED_VARIABLE = YES;
				IPHONEOS_DEPLOYMENT_TARGET = 11.4;
				MTL_ENABLE_DEBUG_INFO = YES;
				ONLY_ACTIVE_ARCH = YES;
				SDKROOT = iphoneos;
			};
			name = Debug;
		};
		A99483D12127834A009CE4B5 /* Release */ = {
			isa = XCBuildConfiguration;
			buildSettings = {
				ALWAYS_SEARCH_USER_PATHS = NO;
				CLANG_ANALYZER_NONNULL = YES;
				CLANG_ANALYZER_NUMBER_OBJECT_CONVERSION = YES_AGGRESSIVE;
				CLANG_CXX_LANGUAGE_STANDARD = "gnu++14";
				CLANG_CXX_LIBRARY = "libc++";
				CLANG_ENABLE_MODULES = YES;
				CLANG_ENABLE_OBJC_ARC = YES;
				CLANG_ENABLE_OBJC_WEAK = YES;
				CLANG_WARN_BLOCK_CAPTURE_AUTORELEASING = YES;
				CLANG_WARN_BOOL_CONVERSION = YES;
				CLANG_WARN_COMMA = YES;
				CLANG_WARN_CONSTANT_CONVERSION = YES;
				CLANG_WARN_DEPRECATED_OBJC_IMPLEMENTATIONS = YES;
				CLANG_WARN_DIRECT_OBJC_ISA_USAGE = YES_ERROR;
				CLANG_WARN_DOCUMENTATION_COMMENTS = YES;
				CLANG_WARN_EMPTY_BODY = YES;
				CLANG_WARN_ENUM_CONVERSION = YES;
				CLANG_WARN_INFINITE_RECURSION = YES;
				CLANG_WARN_INT_CONVERSION = YES;
				CLANG_WARN_NON_LITERAL_NULL_CONVERSION = YES;
				CLANG_WARN_OBJC_IMPLICIT_RETAIN_SELF = YES;
				CLANG_WARN_OBJC_LITERAL_CONVERSION = YES;
				CLANG_WARN_OBJC_ROOT_CLASS = YES_ERROR;
				CLANG_WARN_RANGE_LOOP_ANALYSIS = YES;
				CLANG_WARN_STRICT_PROTOTYPES = YES;
				CLANG_WARN_SUSPICIOUS_MOVE = YES;
				CLANG_WARN_UNGUARDED_AVAILABILITY = YES_AGGRESSIVE;
				CLANG_WARN_UNREACHABLE_CODE = YES;
				CLANG_WARN__DUPLICATE_METHOD_MATCH = YES;
				CODE_SIGN_IDENTITY = "iPhone Developer";
				COPY_PHASE_STRIP = NO;
				DEBUG_INFORMATION_FORMAT = "dwarf-with-dsym";
				ENABLE_NS_ASSERTIONS = NO;
				ENABLE_STRICT_OBJC_MSGSEND = YES;
				GCC_C_LANGUAGE_STANDARD = gnu11;
				GCC_NO_COMMON_BLOCKS = YES;
				GCC_WARN_64_TO_32_BIT_CONVERSION = YES;
				GCC_WARN_ABOUT_RETURN_TYPE = YES_ERROR;
				GCC_WARN_UNDECLARED_SELECTOR = YES;
				GCC_WARN_UNINITIALIZED_AUTOS = YES_AGGRESSIVE;
				GCC_WARN_UNUSED_FUNCTION = YES;
				GCC_WARN_UNUSED_VARIABLE = YES;
				IPHONEOS_DEPLOYMENT_TARGET = 11.4;
				MTL_ENABLE_DEBUG_INFO = NO;
				SDKROOT = iphoneos;
				VALIDATE_PRODUCT = YES;
			};
			name = Release;
		};
		A99483D32127834A009CE4B5 /* Debug */ = {
			isa = XCBuildConfiguration;
			baseConfigurationReference = 03FEF4871518172B15DEE27F /* Pods-iOS-Offline-Demo.debug.xcconfig */;
			buildSettings = {
				ASSETCATALOG_COMPILER_APPICON_NAME = AppIcon;
				CODE_SIGN_STYLE = Automatic;
				DEVELOPMENT_TEAM = PAGEPFEF9A;
				INFOPLIST_FILE = "iOS-Offline-Demo/Info.plist";
				LD_RUNPATH_SEARCH_PATHS = (
					"$(inherited)",
					"@executable_path/Frameworks",
				);
				PRODUCT_BUNDLE_IDENTIFIER = "fm.feed.iOS-Offline-Demo";
				PRODUCT_NAME = "$(TARGET_NAME)";
				TARGETED_DEVICE_FAMILY = "1,2";
			};
			name = Debug;
		};
		A99483D42127834A009CE4B5 /* Release */ = {
			isa = XCBuildConfiguration;
			baseConfigurationReference = 6EC9CDD300D2FAE0968981F2 /* Pods-iOS-Offline-Demo.release.xcconfig */;
			buildSettings = {
				ASSETCATALOG_COMPILER_APPICON_NAME = AppIcon;
				CODE_SIGN_STYLE = Automatic;
				DEVELOPMENT_TEAM = PAGEPFEF9A;
				INFOPLIST_FILE = "iOS-Offline-Demo/Info.plist";
				LD_RUNPATH_SEARCH_PATHS = (
					"$(inherited)",
					"@executable_path/Frameworks",
				);
				PRODUCT_BUNDLE_IDENTIFIER = "fm.feed.iOS-Offline-Demo";
				PRODUCT_NAME = "$(TARGET_NAME)";
				TARGETED_DEVICE_FAMILY = "1,2";
			};
			name = Release;
		};
/* End XCBuildConfiguration section */

/* Begin XCConfigurationList section */
		A99483B721278348009CE4B5 /* Build configuration list for PBXProject "iOS-Offline-Demo" */ = {
			isa = XCConfigurationList;
			buildConfigurations = (
				A99483D02127834A009CE4B5 /* Debug */,
				A99483D12127834A009CE4B5 /* Release */,
			);
			defaultConfigurationIsVisible = 0;
			defaultConfigurationName = Release;
		};
		A99483D22127834A009CE4B5 /* Build configuration list for PBXNativeTarget "iOS-Offline-Demo" */ = {
			isa = XCConfigurationList;
			buildConfigurations = (
				A99483D32127834A009CE4B5 /* Debug */,
				A99483D42127834A009CE4B5 /* Release */,
			);
			defaultConfigurationIsVisible = 0;
			defaultConfigurationName = Release;
		};
/* End XCConfigurationList section */
	};
	rootObject = A99483B421278348009CE4B5 /* Project object */;
}
